
Microsoft Visual Studio Solution File, Format Version 12.00
# Visual Studio Version 17
VisualStudioVersion = 17.3.32922.545
MinimumVisualStudioVersion = 10.0.40219.1
Project("{FAE04EC0-301F-11D3-BF4B-00C04F79EFBC}") = "ezy", "ezy\ezy.csproj", "{C47C47DA-955F-4DDC-8133-17440AF035E2}"
EndProject
Global
	GlobalSection(SolutionConfigurationPlatforms) = preSolution
		Debug|Any CPU = Debug|Any CPU
		Release|Any CPU = Release|Any CPU
	EndGlobalSection
	GlobalSection(ProjectConfigurationPlatforms) = postSolution
		{C47C47DA-955F-4DDC-8133-17440AF035E2}.Debug|Any CPU.ActiveCfg = Debug|Any CPU
		{C47C47DA-955F-4DDC-8133-17440AF035E2}.Debug|Any CPU.Build.0 = Debug|Any CPU
		{C47C47DA-955F-4DDC-8133-17440AF035E2}.Release|Any CPU.ActiveCfg = Release|Any CPU
		{C47C47DA-955F-4DDC-8133-17440AF035E2}.Release|Any CPU.Build.0 = Release|Any CPU
	EndGlobalSection
	GlobalSection(SolutionProperties) = preSolution
		HideSolutionNode = FALSE
	EndGlobalSection
	GlobalSection(ExtensibilityGlobals) = postSolution
		SolutionGuid = {CD964BE1-4376-43B8-BCC6-0F6C76BEB976}
	EndGlobalSection
EndGlobal
